{
  "name": "dsh-vision-bench",
  "version": "0.19.2",
  "lockfileVersion": 3,
  "requires": true,
  "packages": {
    "": {
      "name": "dsh-vision-bench",
      "version": "0.19.2",
      "license": "MIT",
      "dependencies": {
        "@tanstack/react-virtual": "3.13.12",
        "@tanstack/virtual-core": "3.13.12",
        "fast-json-patch": "3.1.1",
        "modbus-serial": "8.0.25",
        "serialport": "13.0.0",
        "uplot": "1.6.32",
        "yaml": "2.9.0"
      },
      "devDependencies": {
        "@testing-library/react": "16.3.0",
        "esbuild": "0.28.2",
        "happy-dom": "20.11.6",
        "react": "18.3.1",
        "react-dom": "18.3.1"
      },
      "engines": {
        "node": ">=20"
      }
    },
    "node_modules/@babel/code-frame": {
      "version": "7.29.7",
      "resolved": "https://registry.npmjs.org/@babel/code-frame/-/code-frame-7.29.7.tgz",
      "integrity": "sha512-Aup7aUOfpbAUg2ROOJN6Iw5f9DMBlzu0mIkm/malLQFN/YQgO48wCj0Kxa3sEHJvPVFg7siR+qRInwXd2qhQKw==",
      "dev": true,
      "license": "MIT",
      "peer": true,
      "dependencies": {
        "@babel/helper-validator-identifier": "^7.29.7",
        "js-tokens": "^4.0.0",
        "picocolors": "^1.1.1"
      },
      "engines": {
        "node": ">=6.9.0"
      }
    },
    "node_modules/@babel/helper-validator-identifier": {
      "version": "7.29.7",
      "resolved": "https://registry.npmjs.org/@babel/helper-validator-identifier/-/helper-validator-identifier-7.29.7.tgz",
      "integrity": "sha512-qehxGkRj55h/ff8EMaJ+cYhyaKlHIxqYDn682wQD7RNp9UujOQsHog2uS0r2vzr4pW+sXf90NeeayjcNaX3fFg==",
      "dev": true,
      "license": "MIT",
      "peer": true,
      "engines": {
        "node": ">=6.9.0"
      }
    },
    "node_modules/@babel/runtime": {
      "version": "7.29.7",
      "resolved": "https://registry.npmjs.org/@babel/runtime/-/runtime-7.29.7.tgz",
      "integrity": "sha512-Nq8OhGWiZIZGV6hLHoyAKLLcJihP/xFeBMGJoUrxTX2psI8dCifzLhZISFb+VWS3wFMRDmCGw5R+dOySCqPLhw==",
      "dev": true,
      "license": "MIT",
      "engines": {
        "node": ">=6.9.0"
      }
    },
    "node_modules/@esbuild/aix-ppc64": {
      "version": "0.28.2",
      "resolved": "https://registry.npmjs.org/@esbuild/aix-ppc64/-/aix-ppc64-0.28.2.tgz",
      "integrity": "sha512-XExcO+dvLKvVtNTibSTBej1NCAbaGhWn9Ww1ZPx80qsahhPFe/8jgWP0IchNe0F3HwkU7n8ejhH8bjonqht8mQ==",
      "cpu": [
        "ppc64"
      ],
      "dev": true,
      "license": "MIT",
      "optional": true,
      "os": [
        "aix"
      ],
      "engines": {
        "node": ">=18"
      }
    },
    "node_modules/@esbuild/android-arm": {
      "version": "0.28.2",
      "resolved": "https://registry.npmjs.org/@esbuild/android-arm/-/android-arm-0.28.2.tgz",
      "integrity": "sha512-kXXoiPVVGQcnIYGOeaovwOURpniDBpSq4A03qkQ+BMQqtGG6HYap3xne9C1O1yo4TR3qxlCX5IqqmX6fFo2Lqg==",
      "cpu": [
        "arm"
      ],
      "dev": true,
      "license": "MIT",
      "optional": true,
      "os": [
        "android"
      ],
      "engines": {
        "node": ">=18"
      }
    },
    "node_modules/@esbuild/android-arm64": {
      "version": "0.28.2",
      "resolved": "https://registry.npmjs.org/@esbuild/android-arm64/-/android-arm64-0.28.2.tgz",
      "integrity": "sha512-5YfKeeI8qWfBZIX+u2xZC3Zlb3Os/gLS2sbEKM+I4ZOcsWmHS2WLysCcQZDAFRslDUU5Oiq44gf6PYN1vGwG5A==",
      "cpu": [
        "arm64"
      ],
      "dev": true,
      "license": "MIT",
      "optional": true,
      "os": [
        "android"
      ],
      "engines": {
        "node": ">=18"
      }
    },
    "node_modules/@esbuild/android-x64": {
      "version": "0.28.2",
      "resolved": "https://registry.npmjs.org/@esbuild/android-x64/-/android-x64-0.28.2.tgz",
      "integrity": "sha512-O387ite7SzUyCcy3JQX4P4bLtEA7bLLkx+esve5JHnyYfNTxcVpXZo9jhdB0lTKN44gztELTdU7nS8Nr16Fs1Q==",
      "cpu": [
        "x64"
      ],
      "dev": true,
      "license": "MIT",
      "optional": true,
      "os": [
        "android"
      ],
      "engines": {
        "node": ">=18"
      }
    },
    "node_modules/@esbuild/darwin-arm64": {
      "version": "0.28.2",
      "resolved": "https://registry.npmjs.org/@esbuild/darwin-arm64/-/darwin-arm64-0.28.2.tgz",
      "integrity": "sha512-n4KqkOQrraxHJcgjM1RvwbigfQKIKJVpM7xp+KsxiyUSrRdIXnt73VhrPAx0fV44hgfmIVKjxMN9J1t5jySVkw==",
      "cpu": [
        "arm64"
      ],
      "dev": true,
      "license": "MIT",
      "optional": true,
      "os": [
        "darwin"
      ],
      "engines": {
        "node": ">=18"
      }
    },
    "node_modules/@esbuild/darwin-x64": {
      "version": "0.28.2",
      "resolved": "https://registry.npmjs.org/@esbuild/darwin-x64/-/darwin-x64-0.28.2.tgz",
      "integrity": "sha512-uq6suIWYP37qzGddBKPw5QEQPi6HiLGsO7UmkpfyaYNQ3D+rN6w6WfwH+nuqcGXWvawGwxOEroO4YGnFh95azw==",
      "cpu": [
        "x64"
      ],
      "dev": true,
      "license": "MIT",
      "optional": true,
      "os": [
        "darwin"
      ],
      "engines": {
        "node": ">=18"
      }
    },
    "node_modules/@esbuild/freebsd-arm64": {
      "version": "0.28.2",
      "resolved": "https://registry.npmjs.org/@esbuild/freebsd-arm64/-/freebsd-arm64-0.28.2.tgz",
      "integrity": "sha512-n+I0BTSRIoy+d6RPKnEVwql5UwBJolytvY4mAOIEJorKlqgPII8ix6slVVrfZ5Tnj7glIZvloylbB/EJPMWEXw==",
      "cpu": [
        "arm64"
      ],
      "dev": true,
      "license": "MIT",
      "optional": true,
      "os": [
        "freebsd"
      ],
      "engines": {
        "node": ">=18"
      }
    },
    "node_modules/@esbuild/freebsd-x64": {
      "version": "0.28.2",
      "resolved": "https://registry.npmjs.org/@esbuild/freebsd-x64/-/freebsd-x64-0.28.2.tgz",
      "integrity": "sha512-78XJTJkvPs0kz2w61301PJjXl4g7q3JqiYMZ/M/yVI73EHBrCRTgkhu9oqG7vPqq+a/yadEW8aD+agKlk5xrmg==",
      "cpu": [
        "x64"
      ],
      "dev": true,
      "license": "MIT",
      "optional": true,
      "os": [
        "freebsd"
      ],
      "engines": {
        "node": ">=18"
      }
    },
    "node_modules/@esbuild/linux-arm": {
      "version": "0.28.2",
      "resolved": "https://registry.npmjs.org/@esbuild/linux-arm/-/linux-arm-0.28.2.tgz",
      "integrity": "sha512-XlDnu2q5yoqems+xay6wSAcg9DDD7K9RLKZEBOMZm3ckNpJBvOX20tSfby8KfrrhINDyv9V2YVZKY/SpoGJI8w==",
      "cpu": [
        "arm"
      ],
      "dev": true,
      "license": "MIT",
      "optional": true,
      "os": [
        "linux"
      ],
      "engines": {
        "node": ">=18"
      }
    },
    "node_modules/@esbuild/linux-arm64": {
      "version": "0.28.2",
      "resolved": "https://registry.npmjs.org/@esbuild/linux-arm64/-/linux-arm64-0.28.2.tgz",
      "integrity": "sha512-pW4AC0P3it8c7do9MVM4p51FzHzdM/TZrerurgRcHJ2WTa1VQ1CIq18xncfpBJw4ojkiZZrKW2yIBWBP92j6Ug==",
      "cpu": [
        "arm64"
      ],
      "dev": true,
      "license": "MIT",
      "optional": true,
      "os": [
        "linux"
      ],
      "engines": {
        "node": ">=18"
      }
    },
    "node_modules/@esbuild/linux-ia32": {
      "version": "0.28.2",
      "resolved": "https://registry.npmjs.org/@esbuild/linux-ia32/-/linux-ia32-0.28.2.tgz",
      "integrity": "sha512-CYbnj78HsIeA+DhgUKgFCfvNsTHFhMMrinUrMZpDXJXKN8T3XViTZ/+wtHeVxEWY8ewSzTFN+nRmSwO2tZaLUQ==",
      "cpu": [
        "ia32"
      ],
      "dev": true,
      "license": "MIT",
      "optional": true,
      "os": [
        "linux"
      ],
      "engines": {
        "node": ">=18"
      }
    },
    "node_modules/@esbuild/linux-loong64": {
      "version": "0.28.2",
      "resolved": "https://registry.npmjs.org/@esbuild/linux-loong64/-/linux-loong64-0.28.2.tgz",
      "integrity": "sha512-buwkd8nsph4R+ajRvw0qM5Hja/TXQow3ptzWO2EbG/cqcIkHloRrdlBtQlshyYGTNFvfkfJ5tpPLVkY4DtsPfQ==",
      "cpu": [
        "loong64"
      ],
      "dev": true,
      "license": "MIT",
      "optional": true,
      "os": [
        "linux"
      ],
      "engines": {
        "node": ">=18"
      }
    },
    "node_modules/@esbuild/linux-mips64el": {
      "version": "0.28.2",
      "resolved": "https://registry.npmjs.org/@esbuild/linux-mips64el/-/linux-mips64el-0.28.2.tgz",
      "integrity": "sha512-ZVykbDyk7519VwiNb9Lcj9m8XM6v5V9uKPvrEMkkEedVewf+0itkhahp4HDpgERXhwLRpWFypsGbG/J8s0QjJA==",
      "cpu": [
        "mips64el"
      ],
      "dev": true,
      "license": "MIT",
      "optional": true,
      "os": [
        "linux"
      ],
      "engines": {
        "node": ">=18"
      }
    },
    "node_modules/@esbuild/linux-ppc64": {
      "version": "0.28.2",
      "resolved": "https://registry.npmjs.org/@esbuild/linux-ppc64/-/linux-ppc64-0.28.2.tgz",
      "integrity": "sha512-CAXl+Dtd9UUuJd8pKKdwh6MLm3MUMiqMPmhZ3tTSXPqfyQ3vDl6R5hZdZ/kYojK4ofXtdfSv1tFq8XzWx3heNQ==",
      "cpu": [
        "ppc64"
      ],
      "dev": true,
      "license": "MIT",
      "optional": true,
      "os": [
        "linux"
      ],
      "engines": {
        "node": ">=18"
      }
    },
    "node_modules/@esbuild/linux-riscv64": {
      "version": "0.28.2",
      "resolved": "https://registry.npmjs.org/@esbuild/linux-riscv64/-/linux-riscv64-0.28.2.tgz",
      "integrity": "sha512-GeXCej4IQtU1B+QlDV8W/RRvbzI3O/Stss+/bCXv4lZls5WGRtu2a+3JkA3i4qIUlMXpcHebWpF8AkJhATowuA==",
      "cpu": [
        "riscv64"
      ],
      "dev": true,
      "license": "MIT",
      "optional": true,
      "os": [
        "linux"
      ],
      "engines": {
        "node": ">=18"
      }
    },
    "node_modules/@esbuild/linux-s390x": {
      "version": "0.28.2",
      "resolved": "https://registry.npmjs.org/@esbuild/linux-s390x/-/linux-s390x-0.28.2.tgz",
      "integrity": "sha512-3H1weTYZPxt/WOhByszQZybS9w5lKzUn1FDMsgEChbHWQwHYQQRfBxgCcZvPhjHfKyJjIievvMmEUawJrdY9Dg==",
      "cpu": [
        "s390x"
      ],
      "dev": true,
      "license": "MIT",
      "optional": true,
      "os": [
        "linux"
      ],
      "engines": {
        "node": ">=18"
      }
    },
    "node_modules/@esbuild/linux-x64": {
      "version": "0.28.2",
      "resolved": "https://registry.npmjs.org/@esbuild/linux-x64/-/linux-x64-0.28.2.tgz",
      "integrity": "sha512-4xTZr1FUmSoQW4XIWmit3tzQrUTZM+N3P0XV8xROKYF50XfI7xeO90+1bZvNwxIufQ9hDQVRJH5YhgPVF8A/HQ==",
      "cpu": [
        "x64"
      ],
      "dev": true,
      "license": "MIT",
      "optional": true,
      "os": [
        "linux"
      ],
      "engines": {
        "node": ">=18"
      }
    },
    "node_modules/@esbuild/netbsd-arm64": {
      "version": "0.28.2",
      "resolved": "https://registry.npmjs.org/@esbuild/netbsd-arm64/-/netbsd-arm64-0.28.2.tgz",
      "integrity": "sha512-sSATRjPeDBg3pdgHoQfoYBob11Kk1FGa9lui5RIHZCoCkJa9QKlvl3/vKz2usCmYYjs7ymJR/2Nnsqe+Hjt5nw==",
      "cpu": [
        "arm64"
      ],
      "dev": true,
      "license": "MIT",
      "optional": true,
      "os": [
        "netbsd"
      ],
      "engines": {
        "node": ">=18"
      }
    },
    "node_modules/@esbuild/netbsd-x64": {
      "version": "0.28.2",
      "resolved": "https://registry.npmjs.org/@esbuild/netbsd-x64/-/netbsd-x64-0.28.2.tgz",
      "integrity": "sha512-lqnzCV+mM0gIADaKihiCg6ifgfU2L3h5E33rNQBN1Y4MaVGnzryzmvvf7UHxprpQdE8hpqLolJ9Rl+SkIRDpyw==",
      "cpu": [
        "x64"
      ],
      "dev": true,
      "license": "MIT",
      "optional": true,
      "os": [
        "netbsd"
      ],
      "engines": {
        "node": ">=18"
      }
    },
    "node_modules/@esbuild/openbsd-arm64": {
      "version": "0.28.2",
      "resolved": "https://registry.npmjs.org/@esbuild/openbsd-arm64/-/openbsd-arm64-0.28.2.tgz",
      "integrity": "sha512-AL2qJILH7lNjrDmCQDvdxMfAUIv8KMNZOvrwAQ8i8//ntL9FflhOyMJ8OZSMBb8/AWXe3/5v5S20y3zCoZWKoQ==",
      "cpu": [
        "arm64"
      ],
      "dev": true,
      "license": "MIT",
      "optional": true,
      "os": [
        "openbsd"
      ],
      "engines": {
        "node": ">=18"
      }
    },
    "node_modules/@esbuild/openbsd-x64": {
      "version": "0.28.2",
      "resolved": "https://registry.npmjs.org/@esbuild/openbsd-x64/-/openbsd-x64-0.28.2.tgz",
      "integrity": "sha512-QtiuPytchRyC4rwUKhexJdQKvDuZ6hWloi3igqPQNUJCS1/v9EiO3UTOXR6A3FoMo4fnAKbWJdqaIwhOzh8qEw==",
      "cpu": [
        "x64"
      ],
      "dev": true,
      "license": "MIT",
      "optional": true,
      "os": [
        "openbsd"
      ],
      "engines": {
        "node": ">=18"
      }
    },
    "node_modules/@esbuild/openharmony-arm64": {
      "version": "0.28.2",
      "resolved": "https://registry.npmjs.org/@esbuild/openharmony-arm64/-/openharmony-arm64-0.28.2.tgz",
      "integrity": "sha512-WkhYDmpTjLvGlScA1rwjRUmhl4k8oXR3cIbtqWmELgU/dFeHHlEllxDvdWcNJV9rbzCexB5vz8gtNewWLgCT7Q==",
      "cpu": [
        "arm64"
      ],
      "dev": true,
      "license": "MIT",
      "optional": true,
      "os": [
        "openharmony"
      ],
      "engines": {
        "node": ">=18"
      }
    },
    "node_modules/@esbuild/sunos-x64": {
      "version": "0.28.2",
      "resolved": "https://registry.npmjs.org/@esbuild/sunos-x64/-/sunos-x64-0.28.2.tgz",
      "integrity": "sha512-GPMSkTOtMnv2U2F8gxe4Io6qmVs+YKyp832Etqqxr0hFngmXQ3rzwytelm3GIn7T4VviRUlf3sOgBOiTdvaf7g==",
      "cpu": [
        "x64"
      ],
      "dev": true,
      "license": "MIT",
      "optional": true,
      "os": [
        "sunos"
      ],
      "engines": {
        "node": ">=18"
      }
    },
    "node_modules/@esbuild/win32-arm64": {
      "version": "0.28.2",
      "resolved": "https://registry.npmjs.org/@esbuild/win32-arm64/-/win32-arm64-0.28.2.tgz",
      "integrity": "sha512-PIhhEkE9uPBleRBrQEJpUn7MBnibZzbGzYWPmY3x+YoVg/95zbjB4CxPPOQ8l5tYYM4mMaCthF8/1DIfBQQyWQ==",
      "cpu": [
        "arm64"
      ],
      "dev": true,
      "license": "MIT",
      "optional": true,
      "os": [
        "win32"
      ],
      "engines": {
        "node": ">=18"
      }
    },
    "node_modules/@esbuild/win32-ia32": {
      "version": "0.28.2",
      "resolved": "https://registry.npmjs.org/@esbuild/win32-ia32/-/win32-ia32-0.28.2.tgz",
      "integrity": "sha512-YmJbfTlvU7Sdn9BB+4PRES4oB6pxgS37MAONj+hBr/cpXS1aBPKXxNnDbu+QCWPj0o9dgyxeq79g6c5P8KeuYA==",
      "cpu": [
        "ia32"
      ],
      "dev": true,
      "license": "MIT",
      "optional": true,
      "os": [
        "win32"
      ],
      "engines": {
        "node": ">=18"
      }
    },
    "node_modules/@esbuild/win32-x64": {
      "version": "0.28.2",
      "resolved": "https://registry.npmjs.org/@esbuild/win32-x64/-/win32-x64-0.28.2.tgz",
      "integrity": "sha512-5ebpxr3nWMzrL/rnUI755Jkuee0bHL/Gq0WTF9lvcpv73wAp5eu8MfBUgWK9bhWvZjj7yX8etf/8tI8Ney695g==",
      "cpu": [
        "x64"
      ],
      "dev": true,
      "license": "MIT",
      "optional": true,
      "os": [
        "win32"
      ],
      "engines": {
        "node": ">=18"
      }
    },
    "node_modules/@serialport/binding-mock": {
      "version": "10.2.2",
      "resolved": "https://registry.npmjs.org/@serialport/binding-mock/-/binding-mock-10.2.2.tgz",
      "integrity": "sha512-HAFzGhk9OuFMpuor7aT5G1ChPgn5qSsklTFOTUX72Rl6p0xwcSVsRtG/xaGp6bxpN7fI9D/S8THLBWbBgS6ldw==",
      "license": "MIT",
      "dependencies": {
        "@serialport/bindings-interface": "^1.2.1",
        "debug": "^4.3.3"
      },
      "engines": {
        "node": ">=12.0.0"
      }
    },
    "node_modules/@serialport/bindings-cpp": {
      "version": "13.0.0",
      "resolved": "https://registry.npmjs.org/@serialport/bindings-cpp/-/bindings-cpp-13.0.0.tgz",
      "integrity": "sha512-r25o4Bk/vaO1LyUfY/ulR6hCg/aWiN6Wo2ljVlb4Pj5bqWGcSRC4Vse4a9AcapuAu/FeBzHCbKMvRQeCuKjzIQ==",
      "hasInstallScript": true,
      "license": "MIT",
      "dependencies": {
        "@serialport/bindings-interface": "1.2.2",
        "@serialport/parser-readline": "12.0.0",
        "debug": "4.4.0",
        "node-addon-api": "8.3.0",
        "node-gyp-build": "4.8.4"
      },
      "engines": {
        "node": ">=18.0.0"
      },
      "funding": {
        "url": "https://opencollective.com/serialport/donate"
      }
    },
    "node_modules/@serialport/bindings-cpp/node_modules/@serialport/parser-delimiter": {
      "version": "12.0.0",
      "resolved": "https://registry.npmjs.org/@serialport/parser-delimiter/-/parser-delimiter-12.0.0.tgz",
      "integrity": "sha512-gu26tVt5lQoybhorLTPsH2j2LnX3AOP2x/34+DUSTNaUTzu2fBXw+isVjQJpUBFWu6aeQRZw5bJol5X9Gxjblw==",
      "license": "MIT",
      "engines": {
        "node": ">=12.0.0"
      },
      "funding": {
        "url": "https://opencollective.com/serialport/donate"
      }
    },
    "node_modules/@serialport/bindings-cpp/node_modules/@serialport/parser-readline": {
      "version": "12.0.0",
      "resolved": "https://registry.npmjs.org/@serialport/parser-readline/-/parser-readline-12.0.0.tgz",
      "integrity": "sha512-O7cywCWC8PiOMvo/gglEBfAkLjp/SENEML46BXDykfKP5mTPM46XMaX1L0waWU6DXJpBgjaL7+yX6VriVPbN4w==",
      "license": "MIT",
      "dependencies": {
        "@serialport/parser-delimiter": "12.0.0"
      },
      "engines": {
        "node": ">=12.0.0"
      },
      "funding": {
        "url": "https://opencollective.com/serialport/donate"
      }
    },
    "node_modules/@serialport/bindings-cpp/node_modules/debug": {
      "version": "4.4.0",
      "resolved": "https://registry.npmjs.org/debug/-/debug-4.4.0.tgz",
      "integrity": "sha512-6WTZ/IxCY/T6BALoZHaE4ctp9xm+Z5kY/pzYaCHRFeyVhojxlrm+46y68HA6hr0TcwEssoxNiDEUJQjfPZ/RYA==",
      "license": "MIT",
      "dependencies": {
        "ms": "^2.1.3"
      },
      "engines": {
        "node": ">=6.0"
      },
      "peerDependenciesMeta": {
        "supports-color": {
          "optional": true
        }
      }
    },
    "node_modules/@serialport/bindings-interface": {
      "version": "1.2.2",
      "resolved": "https://registry.npmjs.org/@serialport/bindings-interface/-/bindings-interface-1.2.2.tgz",
      "integrity": "sha512-CJaUd5bLvtM9c5dmO9rPBHPXTa9R2UwpkJ0wdh9JCYcbrPWsKz+ErvR0hBLeo7NPeiFdjFO4sonRljiw4d2XiA==",
      "license": "MIT",
      "engines": {
        "node": "^12.22 || ^14.13 || >=16"
      }
    },
    "node_modules/@serialport/parser-byte-length": {
      "version": "13.0.0",
      "resolved": "https://registry.npmjs.org/@serialport/parser-byte-length/-/parser-byte-length-13.0.0.tgz",
      "integrity": "sha512-32yvqeTAqJzAEtX5zCrN1Mej56GJ5h/cVFsCDPbF9S1ZSC9FWjOqNAgtByseHfFTSTs/4ZBQZZcZBpolt8sUng==",
      "license": "MIT",
      "engines": {
        "node": ">=20.0.0"
      },
      "funding": {
        "url": "https://opencollective.com/serialport/donate"
      }
    },
    "node_modules/@serialport/parser-cctalk": {
      "version": "13.0.0",
      "resolved": "https://registry.npmjs.org/@serialport/parser-cctalk/-/parser-cctalk-13.0.0.tgz",
      "integrity": "sha512-RErAe57g9gvnlieVYGIn1xymb1bzNXb2QtUQd14FpmbQQYlcrmuRnJwKa1BgTCujoCkhtaTtgHlbBWOxm8U2uA==",
      "license": "MIT",
      "engines": {
        "node": ">=20.0.0"
      },
      "funding": {
        "url": "https://opencollective.com/serialport/donate"
      }
    },
    "node_modules/@serialport/parser-delimiter": {
      "version": "13.0.0",
      "resolved": "https://registry.npmjs.org/@serialport/parser-delimiter/-/parser-delimiter-13.0.0.tgz",
      "integrity": "sha512-Qqyb0FX1avs3XabQqNaZSivyVbl/yl0jywImp7ePvfZKLwx7jBZjvL+Hawt9wIG6tfq6zbFM24vzCCK7REMUig==",
      "license": "MIT",
      "engines": {
        "node": ">=20.0.0"
      },
      "funding": {
        "url": "https://opencollective.com/serialport/donate"
      }
    },
    "node_modules/@serialport/parser-inter-byte-timeout": {
      "version": "13.0.0",
      "resolved": "https://registry.npmjs.org/@serialport/parser-inter-byte-timeout/-/parser-inter-byte-timeout-13.0.0.tgz",
      "integrity": "sha512-a0w0WecTW7bD2YHWrpTz1uyiWA2fDNym0kjmPeNSwZ2XCP+JbirZt31l43m2ey6qXItTYVuQBthm75sPVeHnGA==",
      "license": "MIT",
      "engines": {
        "node": ">=20.0.0"
      },
      "funding": {
        "url": "https://opencollective.com/serialport/donate"
      }
    },
    "node_modules/@serialport/parser-packet-length": {
      "version": "13.0.0",
      "resolved": "https://registry.npmjs.org/@serialport/parser-packet-length/-/parser-packet-length-13.0.0.tgz",
      "integrity": "sha512-60ZDDIqYRi0Xs2SPZUo4Jr5LLIjtb+rvzPKMJCohrO6tAqSDponcNpcB1O4W21mKTxYjqInSz+eMrtk0LLfZIg==",
      "license": "MIT",
      "engines": {
        "node": ">=8.6.0"
      }
    },
    "node_modules/@serialport/parser-readline": {
      "version": "13.0.0",
      "resolved": "https://registry.npmjs.org/@serialport/parser-readline/-/parser-readline-13.0.0.tgz",
      "integrity": "sha512-dov3zYoyf0dt1Sudd1q42VVYQ4WlliF0MYvAMA3MOyiU1IeG4hl0J6buBA2w4gl3DOCC05tGgLDN/3yIL81gsA==",
      "license": "MIT",
      "dependencies": {
        "@serialport/parser-delimiter": "13.0.0"
      },
      "engines": {
        "node": ">=20.0.0"
      },
      "funding": {
        "url": "https://opencollective.com/serialport/donate"
      }
    },
    "node_modules/@serialport/parser-ready": {
      "version": "13.0.0",
      "resolved": "https://registry.npmjs.org/@serialport/parser-ready/-/parser-ready-13.0.0.tgz",
      "integrity": "sha512-JNUQA+y2Rfs4bU+cGYNqOPnNMAcayhhW+XJZihSLQXOHcZsFnOa2F9YtMg9VXRWIcnHldHYtisp62Etjlw24bw==",
      "license": "MIT",
      "engines": {
        "node": ">=20.0.0"
      },
      "funding": {
        "url": "https://opencollective.com/serialport/donate"
      }
    },
    "node_modules/@serialport/parser-regex": {
      "version": "13.0.0",
      "resolved": "https://registry.npmjs.org/@serialport/parser-regex/-/parser-regex-13.0.0.tgz",
      "integrity": "sha512-m7HpIf56G5XcuDdA3DB34Z0pJiwxNRakThEHjSa4mG05OnWYv0IG8l2oUyYfuGMowQWaVnQ+8r+brlPxGVH+eA==",
      "license": "MIT",
      "engines": {
        "node": ">=20.0.0"
      },
      "funding": {
        "url": "https://opencollective.com/serialport/donate"
      }
    },
    "node_modules/@serialport/parser-slip-encoder": {
      "version": "13.0.0",
      "resolved": "https://registry.npmjs.org/@serialport/parser-slip-encoder/-/parser-slip-encoder-13.0.0.tgz",
      "integrity": "sha512-fUHZEExm6izJ7rg0A1yjXwu4sOzeBkPAjDZPfb+XQoqgtKAk+s+HfICiYn7N2QU9gyaeCO8VKgWwi+b/DowYOg==",
      "license": "MIT",
      "engines": {
        "node": ">=20.0.0"
      },
      "funding": {
        "url": "https://opencollective.com/serialport/donate"
      }
    },
    "node_modules/@serialport/parser-spacepacket": {
      "version": "13.0.0",
      "resolved": "https://registry.npmjs.org/@serialport/parser-spacepacket/-/parser-spacepacket-13.0.0.tgz",
      "integrity": "sha512-DoXJ3mFYmyD8X/8931agJvrBPxqTaYDsPoly9/cwQSeh/q4EjQND9ySXBxpWz5WcpyCU4jOuusqCSAPsbB30Eg==",
      "license": "MIT",
      "engines": {
        "node": ">=20.0.0"
      },
      "funding": {
        "url": "https://opencollective.com/serialport/donate"
      }
    },
    "node_modules/@serialport/stream": {
      "version": "13.0.0",
      "resolved": "https://registry.npmjs.org/@serialport/stream/-/stream-13.0.0.tgz",
      "integrity": "sha512-F7xLJKsjGo2WuEWMSEO1SimRcOA+WtWICsY13r0ahx8s2SecPQH06338g28OT7cW7uRXI7oEQAk62qh5gHJW3g==",
      "license": "MIT",
      "dependencies": {
        "@serialport/bindings-interface": "1.2.2",
        "debug": "4.4.0"
      },
      "engines": {
        "node": ">=20.0.0"
      },
      "funding": {
        "url": "https://opencollective.com/serialport/donate"
      }
    },
    "node_modules/@serialport/stream/node_modules/debug": {
      "version": "4.4.0",
      "resolved": "https://registry.npmjs.org/debug/-/debug-4.4.0.tgz",
      "integrity": "sha512-6WTZ/IxCY/T6BALoZHaE4ctp9xm+Z5kY/pzYaCHRFeyVhojxlrm+46y68HA6hr0TcwEssoxNiDEUJQjfPZ/RYA==",
      "license": "MIT",
      "dependencies": {
        "ms": "^2.1.3"
      },
      "engines": {
        "node": ">=6.0"
      },
      "peerDependenciesMeta": {
        "supports-color": {
          "optional": true
        }
      }
    },
    "node_modules/@tanstack/react-virtual": {
      "version": "3.13.12",
      "resolved": "https://registry.npmjs.org/@tanstack/react-virtual/-/react-virtual-3.13.12.tgz",
      "integrity": "sha512-Gd13QdxPSukP8ZrkbgS2RwoZseTTbQPLnQEn7HY/rqtM+8Zt95f7xKC7N0EsKs7aoz0WzZ+fditZux+F8EzYxA==",
      "license": "MIT",
      "dependencies": {
        "@tanstack/virtual-core": "3.13.12"
      },
      "funding": {
        "type": "github",
        "url": "https://github.com/sponsors/tannerlinsley"
      },
      "peerDependencies": {
        "react": "^16.8.0 || ^17.0.0 || ^18.0.0 || ^19.0.0",
        "react-dom": "^16.8.0 || ^17.0.0 || ^18.0.0 || ^19.0.0"
      }
    },
    "node_modules/@tanstack/virtual-core": {
      "version": "3.13.12",
      "resolved": "https://registry.npmjs.org/@tanstack/virtual-core/-/virtual-core-3.13.12.tgz",
      "integrity": "sha512-1YBOJfRHV4sXUmWsFSf5rQor4Ss82G8dQWLRbnk3GA4jeP8hQt1hxXh0tmflpC0dz3VgEv/1+qwPyLeWkQuPFA==",
      "license": "MIT",
      "funding": {
        "type": "github",
        "url": "https://github.com/sponsors/tannerlinsley"
      }
    },
    "node_modules/@testing-library/dom": {
      "version": "10.4.1",
      "resolved": "https://registry.npmjs.org/@testing-library/dom/-/dom-10.4.1.tgz",
      "integrity": "sha512-o4PXJQidqJl82ckFaXUeoAW+XysPLauYI43Abki5hABd853iMhitooc6znOnczgbTYmEP6U6/y1ZyKAIsvMKGg==",
      "dev": true,
      "license": "MIT",
      "peer": true,
      "dependencies": {
        "@babel/code-frame": "^7.10.4",
        "@babel/runtime": "^7.12.5",
        "@types/aria-query": "^5.0.1",
        "aria-query": "5.3.0",
        "dom-accessibility-api": "^0.5.9",
        "lz-string": "^1.5.0",
        "picocolors": "1.1.1",
        "pretty-format": "^27.0.2"
      },
      "engines": {
        "node": ">=18"
      }
    },
    "node_modules/@testing-library/react": {
      "version": "16.3.0",
      "resolved": "https://registry.npmjs.org/@testing-library/react/-/react-16.3.0.tgz",
      "integrity": "sha512-kFSyxiEDwv1WLl2fgsq6pPBbw5aWKrsY2/noi1Id0TK0UParSF62oFQFGHXIyaG4pp2tEub/Zlel+fjjZILDsw==",
      "dev": true,
      "license": "MIT",
      "dependencies": {
        "@babel/runtime": "^7.12.5"
      },
      "engines": {
        "node": ">=18"
      },
      "peerDependencies": {
        "@testing-library/dom": "^10.0.0",
        "@types/react": "^18.0.0 || ^19.0.0",
        "@types/react-dom": "^18.0.0 || ^19.0.0",
        "react": "^18.0.0 || ^19.0.0",
        "react-dom": "^18.0.0 || ^19.0.0"
      },
      "peerDependenciesMeta": {
        "@types/react": {
          "optional": true
        },
        "@types/react-dom": {
          "optional": true
        }
      }
    },
    "node_modules/@types/aria-query": {
      "version": "5.0.4",
      "resolved": "https://registry.npmjs.org/@types/aria-query/-/aria-query-5.0.4.tgz",
      "integrity": "sha512-rfT93uj5s0PRL7EzccGMs3brplhcrghnDoV26NqKhCAS1hVo+WdNsPvE/yb6ilfr5hi2MEk6d5EWJTKdxg8jVw==",
      "dev": true,
      "license": "MIT",
      "peer": true
    },
    "node_modules/@types/node": {
      "version": "26.2.0",
      "resolved": "https://registry.npmjs.org/@types/node/-/node-26.2.0.tgz",
      "integrity": "sha512-5IviulTZeRNp2vAJ514cc/HUlY5nZ9fCbq9DMyC52BrhFZACo3nI0R7qBxhQmo/d27NFe96ur/b7Wwxklda+kg==",
      "dev": true,
      "license": "MIT",
      "dependencies": {
        "undici-types": "~8.3.0"
      }
    },
    "node_modules/@types/whatwg-mimetype": {
      "version": "3.0.2",
      "resolved": "https://registry.npmjs.org/@types/whatwg-mimetype/-/whatwg-mimetype-3.0.2.tgz",
      "integrity": "sha512-c2AKvDT8ToxLIOUlN51gTiHXflsfIFisS4pO7pDPoKouJCESkhZnEy623gwP9laCy5lnLDAw1vAzu2vM2YLOrA==",
      "dev": true,
      "license": "MIT"
    },
    "node_modules/@types/ws": {
      "version": "8.18.1",
      "resolved": "https://registry.npmjs.org/@types/ws/-/ws-8.18.1.tgz",
      "integrity": "sha512-ThVF6DCVhA8kUGy+aazFQ4kXQ7E1Ty7A3ypFOe0IcJV8O/M511G99AW24irKrW56Wt44yG9+ij8FaqoBGkuBXg==",
      "dev": true,
      "license": "MIT",
      "dependencies": {
        "@types/node": "*"
      }
    },
    "node_modules/ansi-regex": {
      "version": "5.0.1",
      "resolved": "https://registry.npmjs.org/ansi-regex/-/ansi-regex-5.0.1.tgz",
      "integrity": "sha512-quJQXlTSUGL2LH9SUXo8VwsY4soanhgo6LNSm84E1LBcE8s3O0wpdiRzyR9z/ZZJMlMWv37qOOb9pdJlMUEKFQ==",
      "dev": true,
      "license": "MIT",
      "peer": true,
      "engines": {
        "node": ">=8"
      }
    },
    "node_modules/ansi-styles": {
      "version": "5.2.0",
      "resolved": "https://registry.npmjs.org/ansi-styles/-/ansi-styles-5.2.0.tgz",
      "integrity": "sha512-Cxwpt2SfTzTtXcfOlzGEee8O+c+MmUgGrNiBcXnuWxuFJHe6a5Hz7qwhwe5OgaSYI0IJvkLqWX1ASG+cJOkEiA==",
      "dev": true,
      "license": "MIT",
      "peer": true,
      "engines": {
        "node": ">=10"
      },
      "funding": {
        "url": "https://github.com/chalk/ansi-styles?sponsor=1"
      }
    },
    "node_modules/aria-query": {
      "version": "5.3.0",
      "resolved": "https://registry.npmjs.org/aria-query/-/aria-query-5.3.0.tgz",
      "integrity": "sha512-b0P0sZPKtyu8HkeRAfCq0IfURZK+SuwMjY1UXGBU27wpAiTwQAIlq56IbIO+ytk/JjS1fMR14ee5WBBfKi5J6A==",
      "dev": true,
      "license": "Apache-2.0",
      "peer": true,
      "dependencies": {
        "dequal": "^2.0.3"
      }
    },
    "node_modules/buffer-image-size": {
      "version": "0.6.4",
      "resolved": "https://registry.npmjs.org/buffer-image-size/-/buffer-image-size-0.6.4.tgz",
      "integrity": "sha512-nEh+kZOPY1w+gcCMobZ6ETUp9WfibndnosbpwB1iJk/8Gt5ZF2bhS6+B6bPYz424KtwsR6Rflc3tCz1/ghX2dQ==",
      "dev": true,
      "license": "MIT",
      "dependencies": {
        "@types/node": "*"
      },
      "engines": {
        "node": ">=4.0"
      }
    },
    "node_modules/debug": {
      "version": "4.4.3",
      "resolved": "https://registry.npmjs.org/debug/-/debug-4.4.3.tgz",
      "integrity": "sha512-RGwwWnwQvkVfavKVt22FGLw+xYSdzARwm0ru6DhTVA3umU5hZc28V3kO4stgYryrTlLpuvgI9GiijltAjNbcqA==",
      "license": "MIT",
      "dependencies": {
        "ms": "^2.1.3"
      },
      "engines": {
        "node": ">=6.0"
      },
      "peerDependenciesMeta": {
        "supports-color": {
          "optional": true
        }
      }
    },
    "node_modules/dequal": {
      "version": "2.0.3",
      "resolved": "https://registry.npmjs.org/dequal/-/dequal-2.0.3.tgz",
      "integrity": "sha512-0je+qPKHEMohvfRTCEo3CrPG6cAzAYgmzKyxRiYSSDkS6eGJdyVJm7WaYA5ECaAD9wLB2T4EEeymA5aFVcYXCA==",
      "dev": true,
      "license": "MIT",
      "peer": true,
      "engines": {
        "node": ">=6"
      }
    },
    "node_modules/dom-accessibility-api": {
      "version": "0.5.16",
      "resolved": "https://registry.npmjs.org/dom-accessibility-api/-/dom-accessibility-api-0.5.16.tgz",
      "integrity": "sha512-X7BJ2yElsnOJ30pZF4uIIDfBEVgF4XEBxL9Bxhy6dnrm5hkzqmsWHGTiHqRiITNhMyFLyAiWndIJP7Z1NTteDg==",
      "dev": true,
      "license": "MIT",
      "peer": true
    },
    "node_modules/entities": {
      "version": "7.0.1",
      "resolved": "https://registry.npmjs.org/entities/-/entities-7.0.1.tgz",
      "integrity": "sha512-TWrgLOFUQTH994YUyl1yT4uyavY5nNB5muff+RtWaqNVCAK408b5ZnnbNAUEWLTCpum9w6arT70i1XdQ4UeOPA==",
      "dev": true,
      "license": "BSD-2-Clause",
      "engines": {
        "node": ">=0.12"
      },
      "funding": {
        "url": "https://github.com/fb55/entities?sponsor=1"
      }
    },
    "node_modules/esbuild": {
      "version": "0.28.2",
      "resolved": "https://registry.npmjs.org/esbuild/-/esbuild-0.28.2.tgz",
      "integrity": "sha512-HKVLS8dvII+xoKW9kmqxbRKrnWEXfJJr/FZhhJmiqIB0e053QNYFqOBouTMO/k5sID4MvCiUCvv8b9M4h32wIA==",
      "dev": true,
      "hasInstallScript": true,
      "license": "MIT",
      "bin": {
        "esbuild": "bin/esbuild"
      },
      "engines": {
        "node": ">=18"
      },
      "optionalDependencies": {
        "@esbuild/aix-ppc64": "0.28.2",
        "@esbuild/android-arm": "0.28.2",
        "@esbuild/android-arm64": "0.28.2",
        "@esbuild/android-x64": "0.28.2",
        "@esbuild/darwin-arm64": "0.28.2",
        "@esbuild/darwin-x64": "0.28.2",
        "@esbuild/freebsd-arm64": "0.28.2",
        "@esbuild/freebsd-x64": "0.28.2",
        "@esbuild/linux-arm": "0.28.2",
        "@esbuild/linux-arm64": "0.28.2",
        "@esbuild/linux-ia32": "0.28.2",
        "@esbuild/linux-loong64": "0.28.2",
        "@esbuild/linux-mips64el": "0.28.2",
        "@esbuild/linux-ppc64": "0.28.2",
        "@esbuild/linux-riscv64": "0.28.2",
        "@esbuild/linux-s390x": "0.28.2",
        "@esbuild/linux-x64": "0.28.2",
        "@esbuild/netbsd-arm64": "0.28.2",
        "@esbuild/netbsd-x64": "0.28.2",
        "@esbuild/openbsd-arm64": "0.28.2",
        "@esbuild/openbsd-x64": "0.28.2",
        "@esbuild/openharmony-arm64": "0.28.2",
        "@esbuild/sunos-x64": "0.28.2",
        "@esbuild/win32-arm64": "0.28.2",
        "@esbuild/win32-ia32": "0.28.2",
        "@esbuild/win32-x64": "0.28.2"
      }
    },
    "node_modules/fast-json-patch": {
      "version": "3.1.1",
      "resolved": "https://registry.npmjs.org/fast-json-patch/-/fast-json-patch-3.1.1.tgz",
      "integrity": "sha512-vf6IHUX2SBcA+5/+4883dsIjpBTqmfBjmYiWK1savxQmFk4JfBMLa7ynTYOs1Rolp/T1betJxHiGD3g1Mn8lUQ==",
      "license": "MIT"
    },
    "node_modules/happy-dom": {
      "version": "20.11.6",
      "resolved": "https://registry.npmjs.org/happy-dom/-/happy-dom-20.11.6.tgz",
      "integrity": "sha512-Hldbg8AdAa5a5oDcZpjqnGitp7JB0hqWmfv/8qr+kft4vzSD8BHsbdRfzYvL/0QcbKcURC/yyoygbeDQarPvYg==",
      "dev": true,
      "license": "MIT",
      "dependencies": {
        "@types/node": ">=20.0.0",
        "@types/whatwg-mimetype": "^3.0.2",
        "@types/ws": "^8.18.1",
        "buffer-image-size": "^0.6.4",
        "entities": "^7.0.1",
        "whatwg-mimetype": "^3.0.0",
        "ws": "^8.21.0"
      },
      "engines": {
        "node": ">=20.0.0"
      }
    },
    "node_modules/js-tokens": {
      "version": "4.0.0",
      "resolved": "https://registry.npmjs.org/js-tokens/-/js-tokens-4.0.0.tgz",
      "integrity": "sha512-RdJUflcE3cUzKiMqQgsCu06FPu9UdIJO0beYbPhHN4k6apgJtifcoCtT9bcxOpYBtpD2kCM6Sbzg4CausW/PKQ==",
      "license": "MIT"
    },
    "node_modules/loose-envify": {
      "version": "1.4.0",
      "resolved": "https://registry.npmjs.org/loose-envify/-/loose-envify-1.4.0.tgz",
      "integrity": "sha512-lyuxPGr/Wfhrlem2CL/UcnUc1zcqKAImBDzukY7Y5F/yQiNdko6+fRLevlw1HgMySw7f611UIY408EtxRSoK3Q==",
      "license": "MIT",
      "dependencies": {
        "js-tokens": "^3.0.0 || ^4.0.0"
      },
      "bin": {
        "loose-envify": "cli.js"
      }
    },
    "node_modules/lz-string": {
      "version": "1.5.0",
      "resolved": "https://registry.npmjs.org/lz-string/-/lz-string-1.5.0.tgz",
      "integrity": "sha512-h5bgJWpxJNswbU7qCrV0tIKQCaS3blPDrqKWx+QxzuzL1zGUzij9XCWLrSLsJPu5t+eWA/ycetzYAO5IOMcWAQ==",
      "dev": true,
      "license": "MIT",
      "peer": true,
      "bin": {
        "lz-string": "bin/bin.js"
      }
    },
    "node_modules/modbus-serial": {
      "version": "8.0.25",
      "resolved": "https://registry.npmjs.org/modbus-serial/-/modbus-serial-8.0.25.tgz",
      "integrity": "sha512-T6OHW80k7DtYZF96onavw84IXNu44EW+fybgVftWAGOraL8vTmMZod8w6thOrWj2I2qHC9Gsn2nitVTUDih+6A==",
      "license": "ISC",
      "dependencies": {
        "debug": "^4.4.3"
      },
      "optionalDependencies": {
        "serialport": "^13.0.0"
      }
    },
    "node_modules/ms": {
      "version": "2.1.3",
      "resolved": "https://registry.npmjs.org/ms/-/ms-2.1.3.tgz",
      "integrity": "sha512-6FlzubTLZG3J2a/NVCAleEhjzq5oxgHyaCU9yYXvcLsvoVaHJq/s5xXI6/XXP6tz7R9xAOtHnSO/tXtF3WRTlA==",
      "license": "MIT"
    },
    "node_modules/node-addon-api": {
      "version": "8.3.0",
      "resolved": "https://registry.npmjs.org/node-addon-api/-/node-addon-api-8.3.0.tgz",
      "integrity": "sha512-8VOpLHFrOQlAH+qA0ZzuGRlALRA6/LVh8QJldbrC4DY0hXoMP0l4Acq8TzFC018HztWiRqyCEj2aTWY2UvnJUg==",
      "license": "MIT",
      "engines": {
        "node": "^18 || ^20 || >= 21"
      }
    },
    "node_modules/node-gyp-build": {
      "version": "4.8.4",
      "resolved": "https://registry.npmjs.org/node-gyp-build/-/node-gyp-build-4.8.4.tgz",
      "integrity": "sha512-LA4ZjwlnUblHVgq0oBF3Jl/6h/Nvs5fzBLwdEF4nuxnFdsfajde4WfxtJr3CaiH+F6ewcIB/q4jQ4UzPyid+CQ==",
      "license": "MIT",
      "bin": {
        "node-gyp-build": "bin.js",
        "node-gyp-build-optional": "optional.js",
        "node-gyp-build-test": "build-test.js"
      }
    },
    "node_modules/picocolors": {
      "version": "1.1.1",
      "resolved": "https://registry.npmjs.org/picocolors/-/picocolors-1.1.1.tgz",
      "integrity": "sha512-xceH2snhtb5M9liqDsmEw56le376mTZkEX/jEb/RxNFyegNul7eNslCXP9FDj/Lcu0X8KEyMceP2ntpaHrDEVA==",
      "dev": true,
      "license": "ISC",
      "peer": true
    },
    "node_modules/pretty-format": {
      "version": "27.5.1",
      "resolved": "https://registry.npmjs.org/pretty-format/-/pretty-format-27.5.1.tgz",
      "integrity": "sha512-Qb1gy5OrP5+zDf2Bvnzdl3jsTf1qXVMazbvCoKhtKqVs4/YK4ozX4gKQJJVyNe+cajNPn0KoC0MC3FUmaHWEmQ==",
      "dev": true,
      "license": "MIT",
      "peer": true,
      "dependencies": {
        "ansi-regex": "^5.0.1",
        "ansi-styles": "^5.0.0",
        "react-is": "^17.0.1"
      },
      "engines": {
        "node": "^10.13.0 || ^12.13.0 || ^14.15.0 || >=15.0.0"
      }
    },
    "node_modules/react": {
      "version": "18.3.1",
      "resolved": "https://registry.npmjs.org/react/-/react-18.3.1.tgz",
      "integrity": "sha512-wS+hAgJShR0KhEvPJArfuPVN1+Hz1t0Y6n5jLrGQbkb4urgPE/0Rve+1kMB1v/oWgHgm4WIcV+i7F2pTVj+2iQ==",
      "license": "MIT",
      "dependencies": {
        "loose-envify": "^1.1.0"
      },
      "engines": {
        "node": ">=0.10.0"
      }
    },
    "node_modules/react-dom": {
      "version": "18.3.1",
      "resolved": "https://registry.npmjs.org/react-dom/-/react-dom-18.3.1.tgz",
      "integrity": "sha512-5m4nQKp+rZRb09LNH59GM4BxTh9251/ylbKIbpe7TpGxfJ+9kv6BLkLBXIjjspbgbnIBNqlI23tRnTWT0snUIw==",
      "license": "MIT",
      "dependencies": {
        "loose-envify": "^1.1.0",
        "scheduler": "^0.23.2"
      },
      "peerDependencies": {
        "react": "^18.3.1"
      }
    },
    "node_modules/react-is": {
      "version": "17.0.2",
      "resolved": "https://registry.npmjs.org/react-is/-/react-is-17.0.2.tgz",
      "integrity": "sha512-w2GsyukL62IJnlaff/nRegPQR94C/XXamvMWmSHRJ4y7Ts/4ocGRmTHvOs8PSE6pB3dWOrD/nueuU5sduBsQ4w==",
      "dev": true,
      "license": "MIT",
      "peer": true
    },
    "node_modules/scheduler": {
      "version": "0.23.2",
      "resolved": "https://registry.npmjs.org/scheduler/-/scheduler-0.23.2.tgz",
      "integrity": "sha512-UOShsPwz7NrMUqhR6t0hWjFduvOzbtv7toDH1/hIrfRNIDBnnBWd0CwJTGvTpngVlmwGCdP9/Zl/tVrDqcuYzQ==",
      "license": "MIT",
      "dependencies": {
        "loose-envify": "^1.1.0"
      }
    },
    "node_modules/serialport": {
      "version": "13.0.0",
      "resolved": "https://registry.npmjs.org/serialport/-/serialport-13.0.0.tgz",
      "integrity": "sha512-PHpnTd8isMGPfFTZNCzOZp9m4mAJSNWle9Jxu6BPTcWq7YXl5qN7tp8Sgn0h+WIGcD6JFz5QDgixC2s4VW7vzg==",
      "license": "MIT",
      "dependencies": {
        "@serialport/binding-mock": "10.2.2",
        "@serialport/bindings-cpp": "13.0.0",
        "@serialport/parser-byte-length": "13.0.0",
        "@serialport/parser-cctalk": "13.0.0",
        "@serialport/parser-delimiter": "13.0.0",
        "@serialport/parser-inter-byte-timeout": "13.0.0",
        "@serialport/parser-packet-length": "13.0.0",
        "@serialport/parser-readline": "13.0.0",
        "@serialport/parser-ready": "13.0.0",
        "@serialport/parser-regex": "13.0.0",
        "@serialport/parser-slip-encoder": "13.0.0",
        "@serialport/parser-spacepacket": "13.0.0",
        "@serialport/stream": "13.0.0",
        "debug": "4.4.0"
      },
      "engines": {
        "node": ">=20.0.0"
      },
      "funding": {
        "url": "https://opencollective.com/serialport/donate"
      }
    },
    "node_modules/serialport/node_modules/debug": {
      "version": "4.4.0",
      "resolved": "https://registry.npmjs.org/debug/-/debug-4.4.0.tgz",
      "integrity": "sha512-6WTZ/IxCY/T6BALoZHaE4ctp9xm+Z5kY/pzYaCHRFeyVhojxlrm+46y68HA6hr0TcwEssoxNiDEUJQjfPZ/RYA==",
      "license": "MIT",
      "dependencies": {
        "ms": "^2.1.3"
      },
      "engines": {
        "node": ">=6.0"
      },
      "peerDependenciesMeta": {
        "supports-color": {
          "optional": true
        }
      }
    },
    "node_modules/undici-types": {
      "version": "8.3.0",
      "resolved": "https://registry.npmjs.org/undici-types/-/undici-types-8.3.0.tgz",
      "integrity": "sha512-j375ScV60dom+YkPFIfTLcOiPxkN/buHz5GobjLhixFuANaNs3C9l4GmrWqejgXWJ7BbJcFYpTEUkS1Ge8bpZQ==",
      "dev": true,
      "license": "MIT"
    },
    "node_modules/uplot": {
      "version": "1.6.32",
      "resolved": "https://registry.npmjs.org/uplot/-/uplot-1.6.32.tgz",
      "integrity": "sha512-KIMVnG68zvu5XXUbC4LQEPnhwOxBuLyW1AHtpm6IKTXImkbLgkMy+jabjLgSLMasNuGGzQm/ep3tOkyTxpiQIw==",
      "license": "MIT"
    },
    "node_modules/whatwg-mimetype": {
      "version": "3.0.0",
      "resolved": "https://registry.npmjs.org/whatwg-mimetype/-/whatwg-mimetype-3.0.0.tgz",
      "integrity": "sha512-nt+N2dzIutVRxARx1nghPKGv1xHikU7HKdfafKkLNLindmPU/ch3U31NOCGGA/dmPcmb1VlofO0vnKAcsm0o/Q==",
      "dev": true,
      "license": "MIT",
      "engines": {
        "node": ">=12"
      }
    },
    "node_modules/ws": {
      "version": "8.21.3",
      "resolved": "https://registry.npmjs.org/ws/-/ws-8.21.3.tgz",
      "integrity": "sha512-201TZ/kPWxoPr/OKWjquZR1SWKXcvxdH+e1xrx89b3YbmzLMFCLfnaG1HFIgWzJOEWZ7MvpK++odZufgYR50Rw==",
      "dev": true,
      "license": "MIT",
      "engines": {
        "node": ">=10.0.0"
      },
      "peerDependencies": {
        "bufferutil": "^4.0.1",
        "utf-8-validate": ">=5.0.2"
      },
      "peerDependenciesMeta": {
        "bufferutil": {
          "optional": true
        },
        "utf-8-validate": {
          "optional": true
        }
      }
    },
    "node_modules/yaml": {
      "version": "2.9.0",
      "resolved": "https://registry.npmjs.org/yaml/-/yaml-2.9.0.tgz",
      "integrity": "sha512-2AvhNX3mb8zd6Zy7INTtSpl1F15HW6Wnqj0srWlkKLcpYl/gMIMJiyuGq2KeI2YFxUPjdlB+3Lc10seMLtL4cA==",
      "license": "ISC",
      "bin": {
        "yaml": "bin.mjs"
      },
      "engines": {
        "node": ">= 14.6"
      },
      "funding": {
        "url": "https://github.com/sponsors/eemeli"
      }
    }
  }
}
